
Microsoft Visual Studio Solution File, Format Version 12.00
# Visual Studio Version 17
VisualStudioVersion = 17.12.35527.113 d17.12
MinimumVisualStudioVersion = 10.0.40219.1
Project("{FAE04EC0-301F-11D3-BF4B-00C04F79EFBC}") = "Tes3MpPluginHelperGui", "Tes3MpPluginHelperGui\Tes3MpPluginHelperGui.csproj", "{7374B030-2EBF-46D1-8DD4-E7069534EBEF}"
EndProject
Project("{FAE04EC0-301F-11D3-BF4B-00C04F79EFBC}") = "Tes3MpPluginHelper", "..\Tes3MpPluginHelper\Tes3MpPluginHelper\Tes3MpPluginHelper.csproj", "{A6A33432-885A-4464-A205-011C95F7F1F7}"
EndProject
Global
	GlobalSection(SolutionConfigurationPlatforms) = preSolution
		Debug|Any CPU = Debug|Any CPU
		Release|Any CPU = Release|Any CPU
	EndGlobalSection
	GlobalSection(ProjectConfigurationPlatforms) = postSolution
		{7374B030-2EBF-46D1-8DD4-E7069534EBEF}.Debug|Any CPU.ActiveCfg = Debug|Any CPU
		{7374B030-2EBF-46D1-8DD4-E7069534EBEF}.Debug|Any CPU.Build.0 = Debug|Any CPU
		{7374B030-2EBF-46D1-8DD4-E7069534EBEF}.Release|Any CPU.ActiveCfg = Release|Any CPU
		{7374B030-2EBF-46D1-8DD4-E7069534EBEF}.Release|Any CPU.Build.0 = Release|Any CPU
		{A6A33432-885A-4464-A205-011C95F7F1F7}.Debug|Any CPU.ActiveCfg = Debug|Any CPU
		{A6A33432-885A-4464-A205-011C95F7F1F7}.Debug|Any CPU.Build.0 = Debug|Any CPU
		{A6A33432-885A-4464-A205-011C95F7F1F7}.Release|Any CPU.ActiveCfg = Release|Any CPU
		{A6A33432-885A-4464-A205-011C95F7F1F7}.Release|Any CPU.Build.0 = Release|Any CPU
	EndGlobalSection
	GlobalSection(SolutionProperties) = preSolution
		HideSolutionNode = FALSE
	EndGlobalSection
EndGlobal
