
Microsoft Visual Studio Solution File, Format Version 12.00
# Visual Studio 15
VisualStudioVersion = 15.0.28307.489
MinimumVisualStudioVersion = 10.0.40219.1
Project("{FAE04EC0-301F-11D3-BF4B-00C04F79EFBC}") = "Tes3MpPluginHelper", "Tes3MpPluginHelper\Tes3MpPluginHelper.csproj", "{BD592802-039C-4997-B455-37BF3B83688A}"
EndProject
Global
	GlobalSection(SolutionConfigurationPlatforms) = preSolution
		Debug|Any CPU = Debug|Any CPU
		Release|Any CPU = Release|Any CPU
	EndGlobalSection
	GlobalSection(ProjectConfigurationPlatforms) = postSolution
		{BD592802-039C-4997-B455-37BF3B83688A}.Debug|Any CPU.ActiveCfg = Debug|Any CPU
		{BD592802-039C-4997-B455-37BF3B83688A}.Debug|Any CPU.Build.0 = Debug|Any CPU
		{BD592802-039C-4997-B455-37BF3B83688A}.Release|Any CPU.ActiveCfg = Release|Any CPU
		{BD592802-039C-4997-B455-37BF3B83688A}.Release|Any CPU.Build.0 = Release|Any CPU
	EndGlobalSection
	GlobalSection(SolutionProperties) = preSolution
		HideSolutionNode = FALSE
	EndGlobalSection
	GlobalSection(ExtensibilityGlobals) = postSolution
		SolutionGuid = {2C1CAEF3-5C4E-43B3-9C15-3D0675063D98}
	EndGlobalSection
EndGlobal
